
Microsoft Visual Studio Solution File, Format Version 12.00
# Visual Studio 14
VisualStudioVersion = 14.0.25123.0
MinimumVisualStudioVersion = 10.0.40219.1
Project("{FAE04EC0-301F-11D3-BF4B-00C04F79EFBC}") = "BeautifulWeight", "BeautifulWeight\BeautifulWeight.csproj", "{F49AE26A-8ACB-469D-B09F-C8087AD10B5C}"
EndProject
Project("{FAE04EC0-301F-11D3-BF4B-00C04F79EFBC}") = "TestDietCalculators", "TestDietCalculators\TestDietCalculators.csproj", "{9937547A-176F-4F8E-8FF6-EBBEDF3CB921}"
EndProject
Global
	GlobalSection(SolutionConfigurationPlatforms) = preSolution
		Debug|Any CPU = Debug|Any CPU
		Release|Any CPU = Release|Any CPU
	EndGlobalSection
	GlobalSection(ProjectConfigurationPlatforms) = postSolution
		{F49AE26A-8ACB-469D-B09F-C8087AD10B5C}.Debug|Any CPU.ActiveCfg = Debug|Any CPU
		{F49AE26A-8ACB-469D-B09F-C8087AD10B5C}.Debug|Any CPU.Build.0 = Debug|Any CPU
		{F49AE26A-8ACB-469D-B09F-C8087AD10B5C}.Release|Any CPU.ActiveCfg = Release|Any CPU
		{F49AE26A-8ACB-469D-B09F-C8087AD10B5C}.Release|Any CPU.Build.0 = Release|Any CPU
		{9937547A-176F-4F8E-8FF6-EBBEDF3CB921}.Debug|Any CPU.ActiveCfg = Debug|Any CPU
		{9937547A-176F-4F8E-8FF6-EBBEDF3CB921}.Debug|Any CPU.Build.0 = Debug|Any CPU
		{9937547A-176F-4F8E-8FF6-EBBEDF3CB921}.Release|Any CPU.ActiveCfg = Release|Any CPU
		{9937547A-176F-4F8E-8FF6-EBBEDF3CB921}.Release|Any CPU.Build.0 = Release|Any CPU
	EndGlobalSection
	GlobalSection(SolutionProperties) = preSolution
		HideSolutionNode = FALSE
	EndGlobalSection
EndGlobal
